
Microsoft Visual Studio Solution File, Format Version 12.00
# Visual Studio Version 17
VisualStudioVersion = 17.3.32825.248
MinimumVisualStudioVersion = 10.0.40219.1
Project("{9A19103F-16F7-4668-BE54-9A1E7A4F7556}") = "GraphQLDemo", "GraphQLDemo\GraphQLDemo.csproj", "{C36FB45F-C884-4EBE-B68E-4432EA0484DE}"
EndProject
Project("{9A19103F-16F7-4668-BE54-9A1E7A4F7556}") = "GraphQLDemo.Domain", "GraphQLDemo.Domain\GraphQLDemo.Domain.csproj", "{AC6A747C-3A86-4D6A-9DA1-7DD659725161}"
EndProject
Project("{9A19103F-16F7-4668-BE54-9A1E7A4F7556}") = "GraphQLDemo.DomainService", "GraphQLDemo.DomainService\GraphQLDemo.DomainService.csproj", "{D4533641-B069-499B-B11D-322DD75A0C02}"
EndProject
Project("{9A19103F-16F7-4668-BE54-9A1E7A4F7556}") = "GraphQLDemo.ApplicationService", "GraphQLDemo.ApplicationService\GraphQLDemo.ApplicationService.csproj", "{7012D319-5679-47C2-852E-237B9CDFB6C2}"
EndProject
Project("{9A19103F-16F7-4668-BE54-9A1E7A4F7556}") = "GraphQLDemo.Infrastructure", "GraphQLDemo.Infrastructure\GraphQLDemo.Infrastructure.csproj", "{BBF2B9D8-D833-4772-A588-596A6F3B26E1}"
EndProject
Project("{9A19103F-16F7-4668-BE54-9A1E7A4F7556}") = "GraphQLDemo.GraphQLBlog", "GraphQLDemo.GraphQLBlog\GraphQLDemo.GraphQLBlog.csproj", "{C5817047-28AB-4CFA-A139-EFFAB2659A9D}"
EndProject
Project("{2150E333-8FDC-42A3-9474-1A3956D46DE8}") = "Solution Items", "Solution Items", "{978E4CF8-5B36-40D4-BD98-E382D0183D7E}"
	ProjectSection(SolutionItems) = preProject
		README.md = README.md
	EndProjectSection
EndProject
Global
	GlobalSection(SolutionConfigurationPlatforms) = preSolution
		Debug|Any CPU = Debug|Any CPU
		Release|Any CPU = Release|Any CPU
	EndGlobalSection
	GlobalSection(ProjectConfigurationPlatforms) = postSolution
		{C36FB45F-C884-4EBE-B68E-4432EA0484DE}.Debug|Any CPU.ActiveCfg = Debug|Any CPU
		{C36FB45F-C884-4EBE-B68E-4432EA0484DE}.Debug|Any CPU.Build.0 = Debug|Any CPU
		{C36FB45F-C884-4EBE-B68E-4432EA0484DE}.Release|Any CPU.ActiveCfg = Release|Any CPU
		{C36FB45F-C884-4EBE-B68E-4432EA0484DE}.Release|Any CPU.Build.0 = Release|Any CPU
		{AC6A747C-3A86-4D6A-9DA1-7DD659725161}.Debug|Any CPU.ActiveCfg = Debug|Any CPU
		{AC6A747C-3A86-4D6A-9DA1-7DD659725161}.Debug|Any CPU.Build.0 = Debug|Any CPU
		{AC6A747C-3A86-4D6A-9DA1-7DD659725161}.Release|Any CPU.ActiveCfg = Release|Any CPU
		{AC6A747C-3A86-4D6A-9DA1-7DD659725161}.Release|Any CPU.Build.0 = Release|Any CPU
		{D4533641-B069-499B-B11D-322DD75A0C02}.Debug|Any CPU.ActiveCfg = Debug|Any CPU
		{D4533641-B069-499B-B11D-322DD75A0C02}.Debug|Any CPU.Build.0 = Debug|Any CPU
		{D4533641-B069-499B-B11D-322DD75A0C02}.Release|Any CPU.ActiveCfg = Release|Any CPU
		{D4533641-B069-499B-B11D-322DD75A0C02}.Release|Any CPU.Build.0 = Release|Any CPU
		{7012D319-5679-47C2-852E-237B9CDFB6C2}.Debug|Any CPU.ActiveCfg = Debug|Any CPU
		{7012D319-5679-47C2-852E-237B9CDFB6C2}.Debug|Any CPU.Build.0 = Debug|Any CPU
		{7012D319-5679-47C2-852E-237B9CDFB6C2}.Release|Any CPU.ActiveCfg = Release|Any CPU
		{7012D319-5679-47C2-852E-237B9CDFB6C2}.Release|Any CPU.Build.0 = Release|Any CPU
		{BBF2B9D8-D833-4772-A588-596A6F3B26E1}.Debug|Any CPU.ActiveCfg = Debug|Any CPU
		{BBF2B9D8-D833-4772-A588-596A6F3B26E1}.Debug|Any CPU.Build.0 = Debug|Any CPU
		{BBF2B9D8-D833-4772-A588-596A6F3B26E1}.Release|Any CPU.ActiveCfg = Release|Any CPU
		{BBF2B9D8-D833-4772-A588-596A6F3B26E1}.Release|Any CPU.Build.0 = Release|Any CPU
		{C5817047-28AB-4CFA-A139-EFFAB2659A9D}.Debug|Any CPU.ActiveCfg = Debug|Any CPU
		{C5817047-28AB-4CFA-A139-EFFAB2659A9D}.Debug|Any CPU.Build.0 = Debug|Any CPU
		{C5817047-28AB-4CFA-A139-EFFAB2659A9D}.Release|Any CPU.ActiveCfg = Release|Any CPU
		{C5817047-28AB-4CFA-A139-EFFAB2659A9D}.Release|Any CPU.Build.0 = Release|Any CPU
	EndGlobalSection
	GlobalSection(SolutionProperties) = preSolution
		HideSolutionNode = FALSE
	EndGlobalSection
	GlobalSection(ExtensibilityGlobals) = postSolution
		SolutionGuid = {9831056F-1A81-43E3-8ED3-0B6281783023}
	EndGlobalSection
EndGlobal
